Microsoft Visual Studio Solution File, Format Version 12.00
# Visual Studio Version 17
VisualStudioVersion = 17.5.2.0
MinimumVisualStudioVersion = 10.0.40219.1
Project("{FAE04EC0-301F-11D3-BF4B-00C04F79EFBC}") = "Lifestyle_Preference_survey", "Lifestyle_Preference_survey.csproj", "{A7FEA4EB-491B-DB6E-6985-3B130147132E}"
EndProject
Global
	GlobalSection(SolutionConfigurationPlatforms) = preSolution
		Debug|Any CPU = Debug|Any CPU
		Release|Any CPU = Release|Any CPU
	EndGlobalSection
	GlobalSection(ProjectConfigurationPlatforms) = postSolution
		{A7FEA4EB-491B-DB6E-6985-3B130147132E}.Debug|Any CPU.ActiveCfg = Debug|Any CPU
		{A7FEA4EB-491B-DB6E-6985-3B130147132E}.Debug|Any CPU.Build.0 = Debug|Any CPU
		{A7FEA4EB-491B-DB6E-6985-3B130147132E}.Release|Any CPU.ActiveCfg = Release|Any CPU
		{A7FEA4EB-491B-DB6E-6985-3B130147132E}.Release|Any CPU.Build.0 = Release|Any CPU
	EndGlobalSection
	GlobalSection(SolutionProperties) = preSolution
		HideSolutionNode = FALSE
	EndGlobalSection
	GlobalSection(ExtensibilityGlobals) = postSolution
		SolutionGuid = {73CC0F5E-7BA4-4F41-BCCD-7C6C73CB421A}
	EndGlobalSection
EndGlobal
